{
  "name": "go-auth-client",
  "version": "1.0.15",
  "lockfileVersion": 3,
  "requires": true,
  "packages": {
    "": {
      "name": "go-auth-client",
      "version": "1.0.15",
      "license": "ISC",
      "dependencies": {
        "@types/web": "^0.0.64"
      },
      "devDependencies": {
        "@tsconfig/node16": "^1.0.2",
        "@types/node": "^17.0.33",
        "typescript": "^4.6.4"
      }
    },
    "node_modules/@tsconfig/node16": {
      "version": "1.0.4",
      "resolved": "https://registry.npmjs.org/@tsconfig/node16/-/node16-1.0.4.tgz",
      "integrity": "sha512-vxhUy4J8lyeyinH7Azl1pdd43GJhZH/tP2weN8TntQblOY+A0XbT8DJk1/oCPuOOyg/Ja757rG0CgHcWC8OfMA==",
      "dev": true
    },
    "node_modules/@types/node": {
      "version": "17.0.45",
      "resolved": "https://registry.npmjs.org/@types/node/-/node-17.0.45.tgz",
      "integrity": "sha512-w+tIMs3rq2afQdsPJlODhoUEKzFP1ayaoyl1CcnwtIlsVe7K7bA1NGm4s3PraqTLlXnbIN84zuBlxBWo1u9BLw==",
      "dev": true
    },
    "node_modules/@types/web": {
      "version": "0.0.64",
      "resolved": "https://registry.npmjs.org/@types/web/-/web-0.0.64.tgz",
      "integrity": "sha512-WhKccWzApbeiTFznYJZbegURL7zYSS9y6LMBiI+ypffs+eh4XOHXWt5ky5vM5/XhAu+rTGFKixbJtgmGawvEEA=="
    },
    "node_modules/typescript": {
      "version": "4.9.5",
      "resolved": "https://registry.npmjs.org/typescript/-/typescript-4.9.5.tgz",
      "integrity": "sha512-1FXk9E2Hm+QzZQ7z+McJiHL4NW1F2EzMu9Nq9i3zAaGqibafqYwCVU6WyWAuyQRRzOlxou8xZSyXLEN8oKj24g==",
      "dev": true,
      "bin": {
        "tsc": "bin/tsc",
        "tsserver": "bin/tsserver"
      },
      "engines": {
        "node": ">=4.2.0"
      }
    }
  }
}
